// !$*UTF8*$!
{
	archiveVersion = 1;
	classes = {
	};
	objectVersion = 50;
	objects = {

/* Begin PBXBuildFile section */
		AF4B9865258D6A5C006477BB /* GoogleService-Info.plist in Resources */ = {isa = PBXBuildFile; fileRef = AF4B9864258D6A5C006477BB /* GoogleService-Info.plist */; };
		AF6F4FCA258A6EF10080F3C4 /* AppDelegate.swift in Sources */ = {isa = PBXBuildFile; fileRef = AF6F4FC9258A6EF10080F3C4 /* AppDelegate.swift */; };
		AF6F4FCC258A6EF10080F3C4 /* SceneDelegate.swift in Sources */ = {isa = PBXBuildFile; fileRef = AF6F4FCB258A6EF10080F3C4 /* SceneDelegate.swift */; };
		AF6F4FCE258A6EF10080F3C4 /* ViewController.swift in Sources */ = {isa = PBXBuildFile; fileRef = AF6F4FCD258A6EF10080F3C4 /* ViewController.swift */; };
		AF6F4FD1258A6EF10080F3C4 /* Main.storyboard in Resources */ = {isa = PBXBuildFile; fileRef = AF6F4FCF258A6EF10080F3C4 /* Main.storyboard */; };
		AF6F4FD3258A6EF40080F3C4 /* Assets.xcassets in Resources */ = {isa = PBXBuildFile; fileRef = AF6F4FD2258A6EF40080F3C4 /* Assets.xcassets */; };
		AF6F4FD6258A6EF40080F3C4 /* LaunchScreen.storyboard in Resources */ = {isa = PBXBuildFile; fileRef = AF6F4FD4258A6EF40080F3C4 /* LaunchScreen.storyboard */; };
		B60BD4707E8B387BD6C28CF2 /* Pods_Messanger.framework in Frameworks */ = {isa = PBXBuildFile; fileRef = FA6848F3DA836DFF3C4039AE /* Pods_Messanger.framework */; };
/* End PBXBuildFile section */

/* Begin PBXFileReference section */
		0C2160FB9C4C098438B6D3E2 /* Pods-Messanger.release.xcconfig */ = {isa = PBXFileReference; includeInIndex = 1; lastKnownFileType = text.xcconfig; name = "Pods-Messanger.release.xcconfig"; path = "Target Support Files/Pods-Messanger/Pods-Messanger.release.xcconfig"; sourceTree = "<group>"; };
		AF4B9864258D6A5C006477BB /* GoogleService-Info.plist */ = {isa = PBXFileReference; fileEncoding = 4; lastKnownFileType = text.plist.xml; name = "GoogleService-Info.plist"; path = "../../../Downloads/GoogleService-Info.plist"; sourceTree = "<group>"; };
		AF6F4FC6258A6EF10080F3C4 /* Messanger.app */ = {isa = PBXFileReference; explicitFileType = wrapper.application; includeInIndex = 0; path = Messanger.app; sourceTree = BUILT_PRODUCTS_DIR; };
		AF6F4FC9258A6EF10080F3C4 /* AppDelegate.swift */ = {isa = PBXFileReference; lastKnownFileType = sourcecode.swift; path = AppDelegate.swift; sourceTree = "<group>"; };
		AF6F4FCB258A6EF10080F3C4 /* SceneDelegate.swift */ = {isa = PBXFileReference; lastKnownFileType = sourcecode.swift; path = SceneDelegate.swift; sourceTree = "<group>"; };
		AF6F4FCD258A6EF10080F3C4 /* ViewController.swift */ = {isa = PBXFileReference; lastKnownFileType = sourcecode.swift; path = ViewController.swift; sourceTree = "<group>"; };
		AF6F4FD0258A6EF10080F3C4 /* Base */ = {isa = PBXFileReference; lastKnownFileType = file.storyboard; name = Base; path = Base.lproj/Main.storyboard; sourceTree = "<group>"; };
		AF6F4FD2258A6EF40080F3C4 /* Assets.xcassets */ = {isa = PBXFileReference; lastKnownFileType = folder.assetcatalog; path = Assets.xcassets; sourceTree = "<group>"; };
		AF6F4FD5258A6EF40080F3C4 /* Base */ = {isa = PBXFileReference; lastKnownFileType = file.storyboard; name = Base; path = Base.lproj/LaunchScreen.storyboard; sourceTree = "<group>"; };
		AF6F4FD7258A6EF40080F3C4 /* Info.plist */ = {isa = PBXFileReference; lastKnownFileType = text.plist.xml; path = Info.plist; sourceTree = "<group>"; };
		CB8BA6A216493B44E0236CE8 /* Pods-Messanger.debug.xcconfig */ = {isa = PBXFileReference; includeInIndex = 1; lastKnownFileType = text.xcconfig; name = "Pods-Messanger.debug.xcconfig"; path = "Target Support Files/Pods-Messanger/Pods-Messanger.debug.xcconfig"; sourceTree = "<group>"; };
		FA6848F3DA836DFF3C4039AE /* Pods_Messanger.framework */ = {isa = PBXFileReference; explicitFileType = wrapper.framework; includeInIndex = 0; path = Pods_Messanger.framework; sourceTree = BUILT_PRODUCTS_DIR; };
/* End PBXFileReference section */

/* Begin PBXFrameworksBuildPhase section */
		AF6F4FC3258A6EF10080F3C4 /* Frameworks */ = {
			isa = PBXFrameworksBuildPhase;
			buildActionMask = 2147483647;
			files = (
				B60BD4707E8B387BD6C28CF2 /* Pods_Messanger.framework in Frameworks */,
			);
			runOnlyForDeploymentPostprocessing = 0;
		};
/* End PBXFrameworksBuildPhase section */

/* Begin PBXGroup section */
		280E9F4CA81B99D3AE74440E /* Pods */ = {
			isa = PBXGroup;
			children = (
				CB8BA6A216493B44E0236CE8 /* Pods-Messanger.debug.xcconfig */,
				0C2160FB9C4C098438B6D3E2 /* Pods-Messanger.release.xcconfig */,
			);
			name = Pods;
			path = Pods;
			sourceTree = "<group>";
		};
		AF6F4FBD258A6EF10080F3C4 = {
			isa = PBXGroup;
			children = (
				AF6F4FC8258A6EF10080F3C4 /* Messanger */,
				AF6F4FC7258A6EF10080F3C4 /* Products */,
				280E9F4CA81B99D3AE74440E /* Pods */,
				FACEADE08ED18934504565D4 /* Frameworks */,
			);
			sourceTree = "<group>";
		};
		AF6F4FC7258A6EF10080F3C4 /* Products */ = {
			isa = PBXGroup;
			children = (
				AF6F4FC6258A6EF10080F3C4 /* Messanger.app */,
			);
			name = Products;
			sourceTree = "<group>";
		};
		AF6F4FC8258A6EF10080F3C4 /* Messanger */ = {
			isa = PBXGroup;
			children = (
				AF6F4FC9258A6EF10080F3C4 /* AppDelegate.swift */,
				AF6F4FCB258A6EF10080F3C4 /* SceneDelegate.swift */,
				AF6F4FCD258A6EF10080F3C4 /* ViewController.swift */,
				AF6F4FCF258A6EF10080F3C4 /* Main.storyboard */,
				AF6F4FD2258A6EF40080F3C4 /* Assets.xcassets */,
				AF6F4FD4258A6EF40080F3C4 /* LaunchScreen.storyboard */,
				AF6F4FD7258A6EF40080F3C4 /* Info.plist */,
				AF4B9864258D6A5C006477BB /* GoogleService-Info.plist */,
			);
			path = Messanger;
			sourceTree = "<group>";
		};
		FACEADE08ED18934504565D4 /* Frameworks */ = {
			isa = PBXGroup;
			children = (
				FA6848F3DA836DFF3C4039AE /* Pods_Messanger.framework */,
			);
			name = Frameworks;
			sourceTree = "<group>";
		};
/* End PBXGroup section */

/* Begin PBXNativeTarget section */
		AF6F4FC5258A6EF10080F3C4 /* Messanger */ = {
			isa = PBXNativeTarget;
			buildConfigurationList = AF6F4FDA258A6EF40080F3C4 /* Build configuration list for PBXNativeTarget "Messanger" */;
			buildPhases = (
				2CC32C103B1BED1508CCB434 /* [CP] Check Pods Manifest.lock */,
				AF6F4FC2258A6EF10080F3C4 /* Sources */,
				AF6F4FC3258A6EF10080F3C4 /* Frameworks */,
				AF6F4FC4258A6EF10080F3C4 /* Resources */,
				DBA70B41F3BF044C6A935D9B /* [CP] Embed Pods Frameworks */,
			);
			buildRules = (
			);
			dependencies = (
			);
			name = Messanger;
			productName = Messanger;
			productReference = AF6F4FC6258A6EF10080F3C4 /* Messanger.app */;
			productType = "com.apple.product-type.application";
		};
/* End PBXNativeTarget section */

/* Begin PBXProject section */
		AF6F4FBE258A6EF10080F3C4 /* Project object */ = {
			isa = PBXProject;
			attributes = {
				LastSwiftUpdateCheck = 1160;
				LastUpgradeCheck = 1160;
				ORGANIZATIONNAME = "Ebube the Programmer";
				TargetAttributes = {
					AF6F4FC5258A6EF10080F3C4 = {
						CreatedOnToolsVersion = 11.6;
					};
				};
			};
			buildConfigurationList = AF6F4FC1258A6EF10080F3C4 /* Build configuration list for PBXProject "Messanger" */;
			compatibilityVersion = "Xcode 9.3";
			developmentRegion = en;
			hasScannedForEncodings = 0;
			knownRegions = (
				en,
				Base,
			);
			mainGroup = AF6F4FBD258A6EF10080F3C4;
			productRefGroup = AF6F4FC7258A6EF10080F3C4 /* Products */;
			projectDirPath = "";
			projectRoot = "";
			targets = (
				AF6F4FC5258A6EF10080F3C4 /* Messanger */,
			);
		};
/* End PBXProject section */

/* Begin PBXResourcesBuildPhase section */
		AF6F4FC4258A6EF10080F3C4 /* Resources */ = {
			isa = PBXResourcesBuildPhase;
			buildActionMask = 2147483647;
			files = (
				AF6F4FD6258A6EF40080F3C4 /* LaunchScreen.storyboard in Resources */,
				AF4B9865258D6A5C006477BB /* GoogleService-Info.plist in Resources */,
				AF6F4FD3258A6EF40080F3C4 /* Assets.xcassets in Resources */,
				AF6F4FD1258A6EF10080F3C4 /* Main.storyboard in Resources */,
			);
			runOnlyForDeploymentPostprocessing = 0;
		};
/* End PBXResourcesBuildPhase section */

/* Begin PBXShellScriptBuildPhase section */
		2CC32C103B1BED1508CCB434 /* [CP] Check Pods Manifest.lock */ = {
			isa = PBXShellScriptBuildPhase;
			buildActionMask = 2147483647;
			files = (
			);
			inputFileListPaths = (
			);
			inputPaths = (
				"${PODS_PODFILE_DIR_PATH}/Podfile.lock",
				"${PODS_ROOT}/Manifest.lock",
			);
			name = "[CP] Check Pods Manifest.lock";
			outputFileListPaths = (
			);
			outputPaths = (
				"$(DERIVED_FILE_DIR)/Pods-Messanger-checkManifestLockResult.txt",
			);
			runOnlyForDeploymentPostprocessing = 0;
			shellPath = /bin/sh;
			shellScript = "diff \"${PODS_PODFILE_DIR_PATH}/Podfile.lock\" \"${PODS_ROOT}/Manifest.lock\" > /dev/null\nif [ $? != 0 ] ; then\n    # print error to STDERR\n    echo \"error: The sandbox is not in sync with the Podfile.lock. Run 'pod install' or update your CocoaPods installation.\" >&2\n    exit 1\nfi\n# This output is used by Xcode 'outputs' to avoid re-running this script phase.\necho \"SUCCESS\" > \"${SCRIPT_OUTPUT_FILE_0}\"\n";
			showEnvVarsInLog = 0;
		};
		DBA70B41F3BF044C6A935D9B /* [CP] Embed Pods Frameworks */ = {
			isa = PBXShellScriptBuildPhase;
			buildActionMask = 2147483647;
			files = (
			);
			inputFileListPaths = (
				"${PODS_ROOT}/Target Support Files/Pods-Messanger/Pods-Messanger-frameworks-${CONFIGURATION}-input-files.xcfilelist",
			);
			name = "[CP] Embed Pods Frameworks";
			outputFileListPaths = (
				"${PODS_ROOT}/Target Support Files/Pods-Messanger/Pods-Messanger-frameworks-${CONFIGURATION}-output-files.xcfilelist",
			);
			runOnlyForDeploymentPostprocessing = 0;
			shellPath = /bin/sh;
			shellScript = "\"${PODS_ROOT}/Target Support Files/Pods-Messanger/Pods-Messanger-frameworks.sh\"\n";
			showEnvVarsInLog = 0;
		};
/* End PBXShellScriptBuildPhase section */

/* Begin PBXSourcesBuildPhase section */
		AF6F4FC2258A6EF10080F3C4 /* Sources */ = {
			isa = PBXSourcesBuildPhase;
			buildActionMask = 2147483647;
			files = (
				AF6F4FCE258A6EF10080F3C4 /* ViewController.swift in Sources */,
				AF6F4FCA258A6EF10080F3C4 /* AppDelegate.swift in Sources */,
				AF6F4FCC258A6EF10080F3C4 /* SceneDelegate.swift in Sources */,
			);
			runOnlyForDeploymentPostprocessing = 0;
		};
/* End PBXSourcesBuildPhase section */

/* Begin PBXVariantGroup section */
		AF6F4FCF258A6EF10080F3C4 /* Main.storyboard */ = {
			isa = PBXVariantGroup;
			children = (
				AF6F4FD0258A6EF10080F3C4 /* Base */,
			);
			name = Main.storyboard;
			sourceTree = "<group>";
		};
		AF6F4FD4258A6EF40080F3C4 /* LaunchScreen.storyboard */ = {
			isa = PBXVariantGroup;
			children = (
				AF6F4FD5258A6EF40080F3C4 /* Base */,
			);
			name = LaunchScreen.storyboard;
			sourceTree = "<group>";
		};
/* End PBXVariantGroup section */

/* Begin XCBuildConfiguration section */
		AF6F4FD8258A6EF40080F3C4 /* Debug */ = {
			isa = XCBuildConfiguration;
			buildSettings = {
				ALWAYS_SEARCH_USER_PATHS = NO;
				CLANG_ANALYZER_NONNULL = YES;
				CLANG_ANALYZER_NUMBER_OBJECT_CONVERSION = YES_AGGRESSIVE;
				CLANG_CXX_LANGUAGE_STANDARD = "gnu++14";
				CLANG_CXX_LIBRARY = "libc++";
				CLANG_ENABLE_MODULES = YES;
				CLANG_ENABLE_OBJC_ARC = YES;
				CLANG_ENABLE_OBJC_WEAK = YES;
				CLANG_WARN_BLOCK_CAPTURE_AUTORELEASING = YES;
				CLANG_WARN_BOOL_CONVERSION = YES;
				CLANG_WARN_COMMA = YES;
				CLANG_WARN_CONSTANT_CONVERSION = YES;
				CLANG_WARN_DEPRECATED_OBJC_IMPLEMENTATIONS = YES;
				CLANG_WARN_DIRECT_OBJC_ISA_USAGE = YES_ERROR;
				CLANG_WARN_DOCUMENTATION_COMMENTS = YES;
				CLANG_WARN_EMPTY_BODY = YES;
				CLANG_WARN_ENUM_CONVERSION = YES;
				CLANG_WARN_INFINITE_RECURSION = YES;
				CLANG_WARN_INT_CONVERSION = YES;
				CLANG_WARN_NON_LITERAL_NULL_CONVERSION = YES;
				CLANG_WARN_OBJC_IMPLICIT_RETAIN_SELF = YES;
				CLANG_WARN_OBJC_LITERAL_CONVERSION = YES;
				CLANG_WARN_OBJC_ROOT_CLASS = YES_ERROR;
				CLANG_WARN_RANGE_LOOP_ANALYSIS = YES;
				CLANG_WARN_STRICT_PROTOTYPES = YES;
				CLANG_WARN_SUSPICIOUS_MOVE = YES;
				CLANG_WARN_UNGUARDED_AVAILABILITY = YES_AGGRESSIVE;
				CLANG_WARN_UNREACHABLE_CODE = YES;
				CLANG_WARN__DUPLICATE_METHOD_MATCH = YES;
				COPY_PHASE_STRIP = NO;
				DEBUG_INFORMATION_FORMAT = dwarf;
				ENABLE_STRICT_OBJC_MSGSEND = YES;
				ENABLE_TESTABILITY = YES;
				GCC_C_LANGUAGE_STANDARD = gnu11;
				GCC_DYNAMIC_NO_PIC = NO;
				GCC_NO_COMMON_BLOCKS = YES;
				GCC_OPTIMIZATION_LEVEL = 0;
				GCC_PREPROCESSOR_DEFINITIONS = (
					"DEBUG=1",
					"$(inherited)",
				);
				GCC_WARN_64_TO_32_BIT_CONVERSION = YES;
				GCC_WARN_ABOUT_RETURN_TYPE = YES_ERROR;
				GCC_WARN_UNDECLARED_SELECTOR = YES;
				GCC_WARN_UNINITIALIZED_AUTOS = YES_AGGRESSIVE;
				GCC_WARN_UNUSED_FUNCTION = YES;
				GCC_WARN_UNUSED_VARIABLE = YES;
				IPHONEOS_DEPLOYMENT_TARGET = 13.6;
				MTL_ENABLE_DEBUG_INFO = INCLUDE_SOURCE;
				MTL_FAST_MATH = YES;
				ONLY_ACTIVE_ARCH = YES;
				SDKROOT = iphoneos;
				SWIFT_ACTIVE_COMPILATION_CONDITIONS = DEBUG;
				SWIFT_OPTIMIZATION_LEVEL = "-Onone";
			};
			name = Debug;
		};
		AF6F4FD9258A6EF40080F3C4 /* Release */ = {
			isa = XCBuildConfiguration;
			buildSettings = {
				ALWAYS_SEARCH_USER_PATHS = NO;
				CLANG_ANALYZER_NONNULL = YES;
				CLANG_ANALYZER_NUMBER_OBJECT_CONVERSION = YES_AGGRESSIVE;
				CLANG_CXX_LANGUAGE_STANDARD = "gnu++14";
				CLANG_CXX_LIBRARY = "libc++";
				CLANG_ENABLE_MODULES = YES;
				CLANG_ENABLE_OBJC_ARC = YES;
				CLANG_ENABLE_OBJC_WEAK = YES;
				CLANG_WARN_BLOCK_CAPTURE_AUTORELEASING = YES;
				CLANG_WARN_BOOL_CONVERSION = YES;
				CLANG_WARN_COMMA = YES;
				CLANG_WARN_CONSTANT_CONVERSION = YES;
				CLANG_WARN_DEPRECATED_OBJC_IMPLEMENTATIONS = YES;
				CLANG_WARN_DIRECT_OBJC_ISA_USAGE = YES_ERROR;
				CLANG_WARN_DOCUMENTATION_COMMENTS = YES;
				CLANG_WARN_EMPTY_BODY = YES;
				CLANG_WARN_ENUM_CONVERSION = YES;
				CLANG_WARN_INFINITE_RECURSION = YES;
				CLANG_WARN_INT_CONVERSION = YES;
				CLANG_WARN_NON_LITERAL_NULL_CONVERSION = YES;
				CLANG_WARN_OBJC_IMPLICIT_RETAIN_SELF = YES;
				CLANG_WARN_OBJC_LITERAL_CONVERSION = YES;
				CLANG_WARN_OBJC_ROOT_CLASS = YES_ERROR;
				CLANG_WARN_RANGE_LOOP_ANALYSIS = YES;
				CLANG_WARN_STRICT_PROTOTYPES = YES;
				CLANG_WARN_SUSPICIOUS_MOVE = YES;
				CLANG_WARN_UNGUARDED_AVAILABILITY = YES_AGGRESSIVE;
				CLANG_WARN_UNREACHABLE_CODE = YES;
				CLANG_WARN__DUPLICATE_METHOD_MATCH = YES;
				COPY_PHASE_STRIP = NO;
				DEBUG_INFORMATION_FORMAT = "dwarf-with-dsym";
				ENABLE_NS_ASSERTIONS = NO;
				ENABLE_STRICT_OBJC_MSGSEND = YES;
				GCC_C_LANGUAGE_STANDARD = gnu11;
				GCC_NO_COMMON_BLOCKS = YES;
				GCC_WARN_64_TO_32_BIT_CONVERSION = YES;
				GCC_WARN_ABOUT_RETURN_TYPE = YES_ERROR;
				GCC_WARN_UNDECLARED_SELECTOR = YES;
				GCC_WARN_UNINITIALIZED_AUTOS = YES_AGGRESSIVE;
				GCC_WARN_UNUSED_FUNCTION = YES;
				GCC_WARN_UNUSED_VARIABLE = YES;
				IPHONEOS_DEPLOYMENT_TARGET = 13.6;
				MTL_ENABLE_DEBUG_INFO = NO;
				MTL_FAST_MATH = YES;
				SDKROOT = iphoneos;
				SWIFT_COMPILATION_MODE = wholemodule;
				SWIFT_OPTIMIZATION_LEVEL = "-O";
				VALIDATE_PRODUCT = YES;
			};
			name = Release;
		};
		AF6F4FDB258A6EF40080F3C4 /* Debug */ = {
			isa = XCBuildConfiguration;
			baseConfigurationReference = CB8BA6A216493B44E0236CE8 /* Pods-Messanger.debug.xcconfig */;
			buildSettings = {
				ASSETCATALOG_COMPILER_APPICON_NAME = AppIcon;
				CODE_SIGN_STYLE = Automatic;
				INFOPLIST_FILE = Messanger/Info.plist;
				LD_RUNPATH_SEARCH_PATHS = (
					"$(inherited)",
					"@executable_path/Frameworks",
				);
				PRODUCT_BUNDLE_IDENTIFIER = okoroemmmanuel.Messanger;
				PRODUCT_NAME = "$(TARGET_NAME)";
				SWIFT_VERSION = 5.0;
				TARGETED_DEVICE_FAMILY = "1,2";
			};
			name = Debug;
		};
		AF6F4FDC258A6EF40080F3C4 /* Release */ = {
			isa = XCBuildConfiguration;
			baseConfigurationReference = 0C2160FB9C4C098438B6D3E2 /* Pods-Messanger.release.xcconfig */;
			buildSettings = {
				ASSETCATALOG_COMPILER_APPICON_NAME = AppIcon;
				CODE_SIGN_STYLE = Automatic;
				INFOPLIST_FILE = Messanger/Info.plist;
				LD_RUNPATH_SEARCH_PATHS = (
					"$(inherited)",
					"@executable_path/Frameworks",
				);
				PRODUCT_BUNDLE_IDENTIFIER = okoroemmmanuel.Messanger;
				PRODUCT_NAME = "$(TARGET_NAME)";
				SWIFT_VERSION = 5.0;
				TARGETED_DEVICE_FAMILY = "1,2";
			};
			name = Release;
		};
/* End XCBuildConfiguration section */

/* Begin XCConfigurationList section */
		AF6F4FC1258A6EF10080F3C4 /* Build configuration list for PBXProject "Messanger" */ = {
			isa = XCConfigurationList;
			buildConfigurations = (
				AF6F4FD8258A6EF40080F3C4 /* Debug */,
				AF6F4FD9258A6EF40080F3C4 /* Release */,
			);
			defaultConfigurationIsVisible = 0;
			defaultConfigurationName = Release;
		};
		AF6F4FDA258A6EF40080F3C4 /* Build configuration list for PBXNativeTarget "Messanger" */ = {
			isa = XCConfigurationList;
			buildConfigurations = (
				AF6F4FDB258A6EF40080F3C4 /* Debug */,
				AF6F4FDC258A6EF40080F3C4 /* Release */,
			);
			defaultConfigurationIsVisible = 0;
			defaultConfigurationName = Release;
		};
/* End XCConfigurationList section */
	};
	rootObject = AF6F4FBE258A6EF10080F3C4 /* Project object */;
}
